{
  "name": "surgical-dev-ops",
  "version": "2.6.0-rc.3",
  "lockfileVersion": 3,
  "requires": true,
  "packages": {
    "": {
      "name": "surgical-dev-ops",
      "version": "2.6.0-rc.3",
      "license": "MIT",
      "bin": {
        "surgical": "accelerator/cli/surgical.js",
        "surgical-devops": "accelerator/cli/surgical.js",
        "surgical-metrics": "accelerator/cli/surgical-metrics.js",
        "surgical-telemetry-server": "accelerator/cli/surgical-telemetry-server.js"
      },
      "engines": {
        "node": ">=24.18.0"
      }
    }
  }
}
